
Microsoft Visual Studio Solution File, Format Version 12.00
# Visual Studio 15
VisualStudioVersion = 15.0.28307.489
MinimumVisualStudioVersion = 10.0.40219.1
Project("{FAE04EC0-301F-11D3-BF4B-00C04F79EFBC}") = "HafızaOyunu2", "HafızaOyunu2\HafızaOyunu2.csproj", "{7DFD973A-E264-4509-BD62-558198AFE523}"
EndProject
Global
	GlobalSection(SolutionConfigurationPlatforms) = preSolution
		Debug|Any CPU = Debug|Any CPU
		Release|Any CPU = Release|Any CPU
	EndGlobalSection
	GlobalSection(ProjectConfigurationPlatforms) = postSolution
		{7DFD973A-E264-4509-BD62-558198AFE523}.Debug|Any CPU.ActiveCfg = Debug|Any CPU
		{7DFD973A-E264-4509-BD62-558198AFE523}.Debug|Any CPU.Build.0 = Debug|Any CPU
		{7DFD973A-E264-4509-BD62-558198AFE523}.Release|Any CPU.ActiveCfg = Release|Any CPU
		{7DFD973A-E264-4509-BD62-558198AFE523}.Release|Any CPU.Build.0 = Release|Any CPU
	EndGlobalSection
	GlobalSection(SolutionProperties) = preSolution
		HideSolutionNode = FALSE
	EndGlobalSection
	GlobalSection(ExtensibilityGlobals) = postSolution
		SolutionGuid = {B7585C4B-B141-4C68-9455-F757C1021A96}
	EndGlobalSection
EndGlobal
