
Microsoft Visual Studio Solution File, Format Version 12.00
# Visual Studio 15
VisualStudioVersion = 15.0.28307.489
MinimumVisualStudioVersion = 10.0.40219.1
Project("{FAE04EC0-301F-11D3-BF4B-00C04F79EFBC}") = "Matematik oyunu", "Matematik oyunu\Matematik oyunu.csproj", "{67A13F1A-69EC-41D7-B160-438E2471F66F}"
EndProject
Global
	GlobalSection(SolutionConfigurationPlatforms) = preSolution
		Debug|Any CPU = Debug|Any CPU
		Release|Any CPU = Release|Any CPU
	EndGlobalSection
	GlobalSection(ProjectConfigurationPlatforms) = postSolution
		{67A13F1A-69EC-41D7-B160-438E2471F66F}.Debug|Any CPU.ActiveCfg = Debug|Any CPU
		{67A13F1A-69EC-41D7-B160-438E2471F66F}.Debug|Any CPU.Build.0 = Debug|Any CPU
		{67A13F1A-69EC-41D7-B160-438E2471F66F}.Release|Any CPU.ActiveCfg = Release|Any CPU
		{67A13F1A-69EC-41D7-B160-438E2471F66F}.Release|Any CPU.Build.0 = Release|Any CPU
	EndGlobalSection
	GlobalSection(SolutionProperties) = preSolution
		HideSolutionNode = FALSE
	EndGlobalSection
	GlobalSection(ExtensibilityGlobals) = postSolution
		SolutionGuid = {F779A029-FC83-4F5E-955F-E451DCA9B384}
	EndGlobalSection
EndGlobal
